
Microsoft Visual Studio Solution File, Format Version 12.00
# Visual Studio Version 17
VisualStudioVersion = 17.8.34316.72
MinimumVisualStudioVersion = 10.0.40219.1
Project("{9A19103F-16F7-4668-BE54-9A1E7A4F7556}") = "EshopBooks", "EshopBooks\EshopBooks.csproj", "{C513BF25-C9F7-45A0-A061-5B803E73D5D7}"
EndProject
Project("{9A19103F-16F7-4668-BE54-9A1E7A4F7556}") = "Eshop.DataAccess", "Eshop.DataAccess\Eshop.DataAccess.csproj", "{D97DE081-0A73-474B-B78C-DD6C849CC596}"
EndProject
Project("{9A19103F-16F7-4668-BE54-9A1E7A4F7556}") = "Eshop.Models", "Eshop.Models\Eshop.Models.csproj", "{3D3C6C07-ACB7-4E3D-B23A-18C5D884353E}"
EndProject
Project("{9A19103F-16F7-4668-BE54-9A1E7A4F7556}") = "Eshop.Utility", "Eshop.Utility\Eshop.Utility.csproj", "{7255E251-F127-47A8-9665-217F99965B01}"
EndProject
Global
	GlobalSection(SolutionConfigurationPlatforms) = preSolution
		Debug|Any CPU = Debug|Any CPU
		Release|Any CPU = Release|Any CPU
	EndGlobalSection
	GlobalSection(ProjectConfigurationPlatforms) = postSolution
		{C513BF25-C9F7-45A0-A061-5B803E73D5D7}.Debug|Any CPU.ActiveCfg = Debug|Any CPU
		{C513BF25-C9F7-45A0-A061-5B803E73D5D7}.Debug|Any CPU.Build.0 = Debug|Any CPU
		{C513BF25-C9F7-45A0-A061-5B803E73D5D7}.Release|Any CPU.ActiveCfg = Release|Any CPU
		{C513BF25-C9F7-45A0-A061-5B803E73D5D7}.Release|Any CPU.Build.0 = Release|Any CPU
		{D97DE081-0A73-474B-B78C-DD6C849CC596}.Debug|Any CPU.ActiveCfg = Debug|Any CPU
		{D97DE081-0A73-474B-B78C-DD6C849CC596}.Debug|Any CPU.Build.0 = Debug|Any CPU
		{D97DE081-0A73-474B-B78C-DD6C849CC596}.Release|Any CPU.ActiveCfg = Release|Any CPU
		{D97DE081-0A73-474B-B78C-DD6C849CC596}.Release|Any CPU.Build.0 = Release|Any CPU
		{3D3C6C07-ACB7-4E3D-B23A-18C5D884353E}.Debug|Any CPU.ActiveCfg = Debug|Any CPU
		{3D3C6C07-ACB7-4E3D-B23A-18C5D884353E}.Debug|Any CPU.Build.0 = Debug|Any CPU
		{3D3C6C07-ACB7-4E3D-B23A-18C5D884353E}.Release|Any CPU.ActiveCfg = Release|Any CPU
		{3D3C6C07-ACB7-4E3D-B23A-18C5D884353E}.Release|Any CPU.Build.0 = Release|Any CPU
		{7255E251-F127-47A8-9665-217F99965B01}.Debug|Any CPU.ActiveCfg = Debug|Any CPU
		{7255E251-F127-47A8-9665-217F99965B01}.Debug|Any CPU.Build.0 = Debug|Any CPU
		{7255E251-F127-47A8-9665-217F99965B01}.Release|Any CPU.ActiveCfg = Release|Any CPU
		{7255E251-F127-47A8-9665-217F99965B01}.Release|Any CPU.Build.0 = Release|Any CPU
	EndGlobalSection
	GlobalSection(SolutionProperties) = preSolution
		HideSolutionNode = FALSE
	EndGlobalSection
	GlobalSection(ExtensibilityGlobals) = postSolution
		SolutionGuid = {1A521771-D0CF-43EC-9538-120C406D195A}
	EndGlobalSection
EndGlobal
